// !$*UTF8*$!
{
	archiveVersion = 1;
	classes = {
	};
	objectVersion = 46;
	objects = {

/* Begin PBXBuildFile section */
		6AA487AB1CC98D420039356A /* AppDelegate.swift in Sources */ = {isa = PBXBuildFile; fileRef = 6AA487AA1CC98D420039356A /* AppDelegate.swift */; };
		6AA487AD1CC98D420039356A /* ViewController.swift in Sources */ = {isa = PBXBuildFile; fileRef = 6AA487AC1CC98D420039356A /* ViewController.swift */; };
		6AA487B01CC98D420039356A /* Main.storyboard in Resources */ = {isa = PBXBuildFile; fileRef = 6AA487AE1CC98D420039356A /* Main.storyboard */; };
		6AA487B21CC98D420039356A /* Assets.xcassets in Resources */ = {isa = PBXBuildFile; fileRef = 6AA487B11CC98D420039356A /* Assets.xcassets */; };
		6AA487B51CC98D420039356A /* LaunchScreen.storyboard in Resources */ = {isa = PBXBuildFile; fileRef = 6AA487B31CC98D420039356A /* LaunchScreen.storyboard */; };
		6AA487C01CC98D420039356A /* Red_and_BlueTests.swift in Sources */ = {isa = PBXBuildFile; fileRef = 6AA487BF1CC98D420039356A /* Red_and_BlueTests.swift */; };
		6AA487CB1CC98D420039356A /* Red_and_BlueUITests.swift in Sources */ = {isa = PBXBuildFile; fileRef = 6AA487CA1CC98D420039356A /* Red_and_BlueUITests.swift */; };
/* End PBXBuildFile section */

/* Begin PBXContainerItemProxy section */
		6AA487BC1CC98D420039356A /* PBXContainerItemProxy */ = {
			isa = PBXContainerItemProxy;
			containerPortal = 6AA4879F1CC98D420039356A /* Project object */;
			proxyType = 1;
			remoteGlobalIDString = 6AA487A61CC98D420039356A;
			remoteInfo = "Red and Blue";
		};
		6AA487C71CC98D420039356A /* PBXContainerItemProxy */ = {
			isa = PBXContainerItemProxy;
			containerPortal = 6AA4879F1CC98D420039356A /* Project object */;
			proxyType = 1;
			remoteGlobalIDString = 6AA487A61CC98D420039356A;
			remoteInfo = "Red and Blue";
		};
/* End PBXContainerItemProxy section */

/* Begin PBXFileReference section */
		6AA487A71CC98D420039356A /* Red and Blue.app */ = {isa = PBXFileReference; explicitFileType = wrapper.application; includeInIndex = 0; path = "Red and Blue.app"; sourceTree = BUILT_PRODUCTS_DIR; };
		6AA487AA1CC98D420039356A /* AppDelegate.swift */ = {isa = PBXFileReference; lastKnownFileType = sourcecode.swift; path = AppDelegate.swift; sourceTree = "<group>"; };
		6AA487AC1CC98D420039356A /* ViewController.swift */ = {isa = PBXFileReference; lastKnownFileType = sourcecode.swift; path = ViewController.swift; sourceTree = "<group>"; };
		6AA487AF1CC98D420039356A /* Base */ = {isa = PBXFileReference; lastKnownFileType = file.storyboard; name = Base; path = Base.lproj/Main.storyboard; sourceTree = "<group>"; };
		6AA487B11CC98D420039356A /* Assets.xcassets */ = {isa = PBXFileReference; lastKnownFileType = folder.assetcatalog; path = Assets.xcassets; sourceTree = "<group>"; };
		6AA487B41CC98D420039356A /* Base */ = {isa = PBXFileReference; lastKnownFileType = file.storyboard; name = Base; path = Base.lproj/LaunchScreen.storyboard; sourceTree = "<group>"; };
		6AA487B61CC98D420039356A /* Info.plist */ = {isa = PBXFileReference; lastKnownFileType = text.plist.xml; path = Info.plist; sourceTree = "<group>"; };
		6AA487BB1CC98D420039356A /* Red and BlueTests.xctest */ = {isa = PBXFileReference; explicitFileType = wrapper.cfbundle; includeInIndex = 0; path = "Red and BlueTests.xctest"; sourceTree = BUILT_PRODUCTS_DIR; };
		6AA487BF1CC98D420039356A /* Red_and_BlueTests.swift */ = {isa = PBXFileReference; lastKnownFileType = sourcecode.swift; path = Red_and_BlueTests.swift; sourceTree = "<group>"; };
		6AA487C11CC98D420039356A /* Info.plist */ = {isa = PBXFileReference; lastKnownFileType = text.plist.xml; path = Info.plist; sourceTree = "<group>"; };
		6AA487C61CC98D420039356A /* Red and BlueUITests.xctest */ = {isa = PBXFileReference; explicitFileType = wrapper.cfbundle; includeInIndex = 0; path = "Red and BlueUITests.xctest"; sourceTree = BUILT_PRODUCTS_DIR; };
		6AA487CA1CC98D420039356A /* Red_and_BlueUITests.swift */ = {isa = PBXFileReference; lastKnownFileType = sourcecode.swift; path = Red_and_BlueUITests.swift; sourceTree = "<group>"; };
		6AA487CC1CC98D420039356A /* Info.plist */ = {isa = PBXFileReference; lastKnownFileType = text.plist.xml; path = Info.plist; sourceTree = "<group>"; };
/* End PBXFileReference section */

/* Begin PBXFrameworksBuildPhase section */
		6AA487A41CC98D420039356A /* Frameworks */ = {
			isa = PBXFrameworksBuildPhase;
			buildActionMask = 2147483647;
			files = (
			);
			runOnlyForDeploymentPostprocessing = 0;
		};
		6AA487B81CC98D420039356A /* Frameworks */ = {
			isa = PBXFrameworksBuildPhase;
			buildActionMask = 2147483647;
			files = (
			);
			runOnlyForDeploymentPostprocessing = 0;
		};
		6AA487C31CC98D420039356A /* Frameworks */ = {
			isa = PBXFrameworksBuildPhase;
			buildActionMask = 2147483647;
			files = (
			);
			runOnlyForDeploymentPostprocessing = 0;
		};
/* End PBXFrameworksBuildPhase section */

/* Begin PBXGroup section */
		6AA4879E1CC98D420039356A = {
			isa = PBXGroup;
			children = (
				6AA487A91CC98D420039356A /* Red and Blue */,
				6AA487BE1CC98D420039356A /* Red and BlueTests */,
				6AA487C91CC98D420039356A /* Red and BlueUITests */,
				6AA487A81CC98D420039356A /* Products */,
			);
			sourceTree = "<group>";
		};
		6AA487A81CC98D420039356A /* Products */ = {
			isa = PBXGroup;
			children = (
				6AA487A71CC98D420039356A /* Red and Blue.app */,
				6AA487BB1CC98D420039356A /* Red and BlueTests.xctest */,
				6AA487C61CC98D420039356A /* Red and BlueUITests.xctest */,
			);
			name = Products;
			sourceTree = "<group>";
		};
		6AA487A91CC98D420039356A /* Red and Blue */ = {
			isa = PBXGroup;
			children = (
				6AA487AA1CC98D420039356A /* AppDelegate.swift */,
				6AA487AC1CC98D420039356A /* ViewController.swift */,
				6AA487AE1CC98D420039356A /* Main.storyboard */,
				6AA487B11CC98D420039356A /* Assets.xcassets */,
				6AA487B31CC98D420039356A /* LaunchScreen.storyboard */,
				6AA487B61CC98D420039356A /* Info.plist */,
			);
			path = "Red and Blue";
			sourceTree = "<group>";
		};
		6AA487BE1CC98D420039356A /* Red and BlueTests */ = {
			isa = PBXGroup;
			children = (
				6AA487BF1CC98D420039356A /* Red_and_BlueTests.swift */,
				6AA487C11CC98D420039356A /* Info.plist */,
			);
			path = "Red and BlueTests";
			sourceTree = "<group>";
		};
		6AA487C91CC98D420039356A /* Red and BlueUITests */ = {
			isa = PBXGroup;
			children = (
				6AA487CA1CC98D420039356A /* Red_and_BlueUITests.swift */,
				6AA487CC1CC98D420039356A /* Info.plist */,
			);
			path = "Red and BlueUITests";
			sourceTree = "<group>";
		};
/* End PBXGroup section */

/* Begin PBXNativeTarget section */
		6AA487A61CC98D420039356A /* Red and Blue */ = {
			isa = PBXNativeTarget;
			buildConfigurationList = 6AA487CF1CC98D420039356A /* Build configuration list for PBXNativeTarget "Red and Blue" */;
			buildPhases = (
				6AA487A31CC98D420039356A /* Sources */,
				6AA487A41CC98D420039356A /* Frameworks */,
				6AA487A51CC98D420039356A /* Resources */,
			);
			buildRules = (
			);
			dependencies = (
			);
			name = "Red and Blue";
			productName = "Red and Blue";
			productReference = 6AA487A71CC98D420039356A /* Red and Blue.app */;
			productType = "com.apple.product-type.application";
		};
		6AA487BA1CC98D420039356A /* Red and BlueTests */ = {
			isa = PBXNativeTarget;
			buildConfigurationList = 6AA487D21CC98D420039356A /* Build configuration list for PBXNativeTarget "Red and BlueTests" */;
			buildPhases = (
				6AA487B71CC98D420039356A /* Sources */,
				6AA487B81CC98D420039356A /* Frameworks */,
				6AA487B91CC98D420039356A /* Resources */,
			);
			buildRules = (
			);
			dependencies = (
				6AA487BD1CC98D420039356A /* PBXTargetDependency */,
			);
			name = "Red and BlueTests";
			productName = "Red and BlueTests";
			productReference = 6AA487BB1CC98D420039356A /* Red and BlueTests.xctest */;
			productType = "com.apple.product-type.bundle.unit-test";
		};
		6AA487C51CC98D420039356A /* Red and BlueUITests */ = {
			isa = PBXNativeTarget;
			buildConfigurationList = 6AA487D51CC98D420039356A /* Build configuration list for PBXNativeTarget "Red and BlueUITests" */;
			buildPhases = (
				6AA487C21CC98D420039356A /* Sources */,
				6AA487C31CC98D420039356A /* Frameworks */,
				6AA487C41CC98D420039356A /* Resources */,
			);
			buildRules = (
			);
			dependencies = (
				6AA487C81CC98D420039356A /* PBXTargetDependency */,
			);
			name = "Red and BlueUITests";
			productName = "Red and BlueUITests";
			productReference = 6AA487C61CC98D420039356A /* Red and BlueUITests.xctest */;
			productType = "com.apple.product-type.bundle.ui-testing";
		};
/* End PBXNativeTarget section */

/* Begin PBXProject section */
		6AA4879F1CC98D420039356A /* Project object */ = {
			isa = PBXProject;
			attributes = {
				LastSwiftUpdateCheck = 0730;
				LastUpgradeCheck = 0730;
				ORGANIZATIONNAME = ColoApps;
				TargetAttributes = {
					6AA487A61CC98D420039356A = {
						CreatedOnToolsVersion = 7.3;
						DevelopmentTeam = TD83D4267D;
					};
					6AA487BA1CC98D420039356A = {
						CreatedOnToolsVersion = 7.3;
						DevelopmentTeam = TD83D4267D;
						TestTargetID = 6AA487A61CC98D420039356A;
					};
					6AA487C51CC98D420039356A = {
						CreatedOnToolsVersion = 7.3;
						DevelopmentTeam = TD83D4267D;
						TestTargetID = 6AA487A61CC98D420039356A;
					};
				};
			};
			buildConfigurationList = 6AA487A21CC98D420039356A /* Build configuration list for PBXProject "Red and Blue" */;
			compatibilityVersion = "Xcode 3.2";
			developmentRegion = English;
			hasScannedForEncodings = 0;
			knownRegions = (
				en,
				Base,
			);
			mainGroup = 6AA4879E1CC98D420039356A;
			productRefGroup = 6AA487A81CC98D420039356A /* Products */;
			projectDirPath = "";
			projectRoot = "";
			targets = (
				6AA487A61CC98D420039356A /* Red and Blue */,
				6AA487BA1CC98D420039356A /* Red and BlueTests */,
				6AA487C51CC98D420039356A /* Red and BlueUITests */,
			);
		};
/* End PBXProject section */

/* Begin PBXResourcesBuildPhase section */
		6AA487A51CC98D420039356A /* Resources */ = {
			isa = PBXResourcesBuildPhase;
			buildActionMask = 2147483647;
			files = (
				6AA487B51CC98D420039356A /* LaunchScreen.storyboard in Resources */,
				6AA487B21CC98D420039356A /* Assets.xcassets in Resources */,
				6AA487B01CC98D420039356A /* Main.storyboard in Resources */,
			);
			runOnlyForDeploymentPostprocessing = 0;
		};
		6AA487B91CC98D420039356A /* Resources */ = {
			isa = PBXResourcesBuildPhase;
			buildActionMask = 2147483647;
			files = (
			);
			runOnlyForDeploymentPostprocessing = 0;
		};
		6AA487C41CC98D420039356A /* Resources */ = {
			isa = PBXResourcesBuildPhase;
			buildActionMask = 2147483647;
			files = (
			);
			runOnlyForDeploymentPostprocessing = 0;
		};
/* End PBXResourcesBuildPhase section */

/* Begin PBXSourcesBuildPhase section */
		6AA487A31CC98D420039356A /* Sources */ = {
			isa = PBXSourcesBuildPhase;
			buildActionMask = 2147483647;
			files = (
				6AA487AD1CC98D420039356A /* ViewController.swift in Sources */,
				6AA487AB1CC98D420039356A /* AppDelegate.swift in Sources */,
			);
			runOnlyForDeploymentPostprocessing = 0;
		};
		6AA487B71CC98D420039356A /* Sources */ = {
			isa = PBXSourcesBuildPhase;
			buildActionMask = 2147483647;
			files = (
				6AA487C01CC98D420039356A /* Red_and_BlueTests.swift in Sources */,
			);
			runOnlyForDeploymentPostprocessing = 0;
		};
		6AA487C21CC98D420039356A /* Sources */ = {
			isa = PBXSourcesBuildPhase;
			buildActionMask = 2147483647;
			files = (
				6AA487CB1CC98D420039356A /* Red_and_BlueUITests.swift in Sources */,
			);
			runOnlyForDeploymentPostprocessing = 0;
		};
/* End PBXSourcesBuildPhase section */

/* Begin PBXTargetDependency section */
		6AA487BD1CC98D420039356A /* PBXTargetDependency */ = {
			isa = PBXTargetDependency;
			target = 6AA487A61CC98D420039356A /* Red and Blue */;
			targetProxy = 6AA487BC1CC98D420039356A /* PBXContainerItemProxy */;
		};
		6AA487C81CC98D420039356A /* PBXTargetDependency */ = {
			isa = PBXTargetDependency;
			target = 6AA487A61CC98D420039356A /* Red and Blue */;
			targetProxy = 6AA487C71CC98D420039356A /* PBXContainerItemProxy */;
		};
/* End PBXTargetDependency section */

/* Begin PBXVariantGroup section */
		6AA487AE1CC98D420039356A /* Main.storyboard */ = {
			isa = PBXVariantGroup;
			children = (
				6AA487AF1CC98D420039356A /* Base */,
			);
			name = Main.storyboard;
			sourceTree = "<group>";
		};
		6AA487B31CC98D420039356A /* LaunchScreen.storyboard */ = {
			isa = PBXVariantGroup;
			children = (
				6AA487B41CC98D420039356A /* Base */,
			);
			name = LaunchScreen.storyboard;
			sourceTree = "<group>";
		};
/* End PBXVariantGroup section */

/* Begin XCBuildConfiguration section */
		6AA487CD1CC98D420039356A /* Debug */ = {
			isa = XCBuildConfiguration;
			buildSettings = {
				ALWAYS_SEARCH_USER_PATHS = NO;
				CLANG_ANALYZER_NONNULL = YES;
				CLANG_CXX_LANGUAGE_STANDARD = "gnu++0x";
				CLANG_CXX_LIBRARY = "libc++";
				CLANG_ENABLE_MODULES = YES;
				CLANG_ENABLE_OBJC_ARC = YES;
				CLANG_WARN_BOOL_CONVERSION = YES;
				CLANG_WARN_CONSTANT_CONVERSION = YES;
				CLANG_WARN_DIRECT_OBJC_ISA_USAGE = YES_ERROR;
				CLANG_WARN_EMPTY_BODY = YES;
				CLANG_WARN_ENUM_CONVERSION = YES;
				CLANG_WARN_INT_CONVERSION = YES;
				CLANG_WARN_OBJC_ROOT_CLASS = YES_ERROR;
				CLANG_WARN_UNREACHABLE_CODE = YES;
				CLANG_WARN__DUPLICATE_METHOD_MATCH = YES;
				"CODE_SIGN_IDENTITY[sdk=iphoneos*]" = "iPhone Developer";
				COPY_PHASE_STRIP = NO;
				DEBUG_INFORMATION_FORMAT = dwarf;
				ENABLE_STRICT_OBJC_MSGSEND = YES;
				ENABLE_TESTABILITY = YES;
				GCC_C_LANGUAGE_STANDARD = gnu99;
				GCC_DYNAMIC_NO_PIC = NO;
				GCC_NO_COMMON_BLOCKS = YES;
				GCC_OPTIMIZATION_LEVEL = 0;
				GCC_PREPROCESSOR_DEFINITIONS = (
					"DEBUG=1",
					"$(inherited)",
				);
				GCC_WARN_64_TO_32_BIT_CONVERSION = YES;
				GCC_WARN_ABOUT_RETURN_TYPE = YES_ERROR;
				GCC_WARN_UNDECLARED_SELECTOR = YES;
				GCC_WARN_UNINITIALIZED_AUTOS = YES_AGGRESSIVE;
				GCC_WARN_UNUSED_FUNCTION = YES;
				GCC_WARN_UNUSED_VARIABLE = YES;
				IPHONEOS_DEPLOYMENT_TARGET = 9.3;
				MTL_ENABLE_DEBUG_INFO = YES;
				ONLY_ACTIVE_ARCH = YES;
				SDKROOT = iphoneos;
				SWIFT_OPTIMIZATION_LEVEL = "-Onone";
			};
			name = Debug;
		};
		6AA487CE1CC98D420039356A /* Release */ = {
			isa = XCBuildConfiguration;
			buildSettings = {
				ALWAYS_SEARCH_USER_PATHS = NO;
				CLANG_ANALYZER_NONNULL = YES;
				CLANG_CXX_LANGUAGE_STANDARD = "gnu++0x";
				CLANG_CXX_LIBRARY = "libc++";
				CLANG_ENABLE_MODULES = YES;
				CLANG_ENABLE_OBJC_ARC = YES;
				CLANG_WARN_BOOL_CONVERSION = YES;
				CLANG_WARN_CONSTANT_CONVERSION = YES;
				CLANG_WARN_DIRECT_OBJC_ISA_USAGE = YES_ERROR;
				CLANG_WARN_EMPTY_BODY = YES;
				CLANG_WARN_ENUM_CONVERSION = YES;
				CLANG_WARN_INT_CONVERSION = YES;
				CLANG_WARN_OBJC_ROOT_CLASS = YES_ERROR;
				CLANG_WARN_UNREACHABLE_CODE = YES;
				CLANG_WARN__DUPLICATE_METHOD_MATCH = YES;
				"CODE_SIGN_IDENTITY[sdk=iphoneos*]" = "iPhone Developer";
				COPY_PHASE_STRIP = NO;
				DEBUG_INFORMATION_FORMAT = "dwarf-with-dsym";
				ENABLE_NS_ASSERTIONS = NO;
				ENABLE_STRICT_OBJC_MSGSEND = YES;
				GCC_C_LANGUAGE_STANDARD = gnu99;
				GCC_NO_COMMON_BLOCKS = YES;
				GCC_WARN_64_TO_32_BIT_CONVERSION = YES;
				GCC_WARN_ABOUT_RETURN_TYPE = YES_ERROR;
				GCC_WARN_UNDECLARED_SELECTOR = YES;
				GCC_WARN_UNINITIALIZED_AUTOS = YES_AGGRESSIVE;
				GCC_WARN_UNUSED_FUNCTION = YES;
				GCC_WARN_UNUSED_VARIABLE = YES;
				IPHONEOS_DEPLOYMENT_TARGET = 9.3;
				MTL_ENABLE_DEBUG_INFO = NO;
				SDKROOT = iphoneos;
				VALIDATE_PRODUCT = YES;
			};
			name = Release;
		};
		6AA487D01CC98D420039356A /* Debug */ = {
			isa = XCBuildConfiguration;
			buildSettings = {
				ASSETCATALOG_COMPILER_APPICON_NAME = AppIcon;
				INFOPLIST_FILE = "Red and Blue/Info.plist";
				LD_RUNPATH_SEARCH_PATHS = "$(inherited) @executable_path/Frameworks";
				PRODUCT_BUNDLE_IDENTIFIER = "com.ColoApps.Red-and-Blue";
				PRODUCT_NAME = "$(TARGET_NAME)";
			};
			name = Debug;
		};
		6AA487D11CC98D420039356A /* Release */ = {
			isa = XCBuildConfiguration;
			buildSettings = {
				ASSETCATALOG_COMPILER_APPICON_NAME = AppIcon;
				INFOPLIST_FILE = "Red and Blue/Info.plist";
				LD_RUNPATH_SEARCH_PATHS = "$(inherited) @executable_path/Frameworks";
				PRODUCT_BUNDLE_IDENTIFIER = "com.ColoApps.Red-and-Blue";
				PRODUCT_NAME = "$(TARGET_NAME)";
			};
			name = Release;
		};
		6AA487D31CC98D420039356A /* Debug */ = {
			isa = XCBuildConfiguration;
			buildSettings = {
				BUNDLE_LOADER = "$(TEST_HOST)";
				INFOPLIST_FILE = "Red and BlueTests/Info.plist";
				LD_RUNPATH_SEARCH_PATHS = "$(inherited) @executable_path/Frameworks @loader_path/Frameworks";
				PRODUCT_BUNDLE_IDENTIFIER = "com.ColoApps.Red-and-BlueTests";
				PRODUCT_NAME = "$(TARGET_NAME)";
				TEST_HOST = "$(BUILT_PRODUCTS_DIR)/Red and Blue.app/Red and Blue";
			};
			name = Debug;
		};
		6AA487D41CC98D420039356A /* Release */ = {
			isa = XCBuildConfiguration;
			buildSettings = {
				BUNDLE_LOADER = "$(TEST_HOST)";
				INFOPLIST_FILE = "Red and BlueTests/Info.plist";
				LD_RUNPATH_SEARCH_PATHS = "$(inherited) @executable_path/Frameworks @loader_path/Frameworks";
				PRODUCT_BUNDLE_IDENTIFIER = "com.ColoApps.Red-and-BlueTests";
				PRODUCT_NAME = "$(TARGET_NAME)";
				TEST_HOST = "$(BUILT_PRODUCTS_DIR)/Red and Blue.app/Red and Blue";
			};
			name = Release;
		};
		6AA487D61CC98D420039356A /* Debug */ = {
			isa = XCBuildConfiguration;
			buildSettings = {
				INFOPLIST_FILE = "Red and BlueUITests/Info.plist";
				LD_RUNPATH_SEARCH_PATHS = "$(inherited) @executable_path/Frameworks @loader_path/Frameworks";
				PRODUCT_BUNDLE_IDENTIFIER = "com.ColoApps.Red-and-BlueUITests";
				PRODUCT_NAME = "$(TARGET_NAME)";
				TEST_TARGET_NAME = "Red and Blue";
			};
			name = Debug;
		};
		6AA487D71CC98D420039356A /* Release */ = {
			isa = XCBuildConfiguration;
			buildSettings = {
				INFOPLIST_FILE = "Red and BlueUITests/Info.plist";
				LD_RUNPATH_SEARCH_PATHS = "$(inherited) @executable_path/Frameworks @loader_path/Frameworks";
				PRODUCT_BUNDLE_IDENTIFIER = "com.ColoApps.Red-and-BlueUITests";
				PRODUCT_NAME = "$(TARGET_NAME)";
				TEST_TARGET_NAME = "Red and Blue";
			};
			name = Release;
		};
/* End XCBuildConfiguration section */

/* Begin XCConfigurationList section */
		6AA487A21CC98D420039356A /* Build configuration list for PBXProject "Red and Blue" */ = {
			isa = XCConfigurationList;
			buildConfigurations = (
				6AA487CD1CC98D420039356A /* Debug */,
				6AA487CE1CC98D420039356A /* Release */,
			);
			defaultConfigurationIsVisible = 0;
			defaultConfigurationName = Release;
		};
		6AA487CF1CC98D420039356A /* Build configuration list for PBXNativeTarget "Red and Blue" */ = {
			isa = XCConfigurationList;
			buildConfigurations = (
				6AA487D01CC98D420039356A /* Debug */,
				6AA487D11CC98D420039356A /* Release */,
			);
			defaultConfigurationIsVisible = 0;
		};
		6AA487D21CC98D420039356A /* Build configuration list for PBXNativeTarget "Red and BlueTests" */ = {
			isa = XCConfigurationList;
			buildConfigurations = (
				6AA487D31CC98D420039356A /* Debug */,
				6AA487D41CC98D420039356A /* Release */,
			);
			defaultConfigurationIsVisible = 0;
		};
		6AA487D51CC98D420039356A /* Build configuration list for PBXNativeTarget "Red and BlueUITests" */ = {
			isa = XCConfigurationList;
			buildConfigurations = (
				6AA487D61CC98D420039356A /* Debug */,
				6AA487D71CC98D420039356A /* Release */,
			);
			defaultConfigurationIsVisible = 0;
		};
/* End XCConfigurationList section */
	};
	rootObject = 6AA4879F1CC98D420039356A /* Project object */;
}
